// !$*UTF8*$!
{
	archiveVersion = 1;
	classes = {
	};
	objectVersion = 56;
	objects = {

/* Begin PBXBuildFile section */
		F6875B0C2C86A49E00404ECC /* main.swift in Sources */ = {isa = PBXBuildFile; fileRef = F6875B0B2C86A49E00404ECC /* main.swift */; };
		F6875B192C86A93F00404ECC /* bin.js in Copy Files */ = {isa = PBXBuildFile; fileRef = F6875B142C86A80600404ECC /* bin.js */; settings = {ATTRIBUTES = (CodeSignOnCopy, ); }; };
		F6875B1A2C86A93F00404ECC /* bun in Copy Files */ = {isa = PBXBuildFile; fileRef = F6875B122C86A80500404ECC /* bun */; settings = {ATTRIBUTES = (CodeSignOnCopy, ); }; };
		F6875B1B2C86A93F00404ECC /* yoga.wasm in Copy Files */ = {isa = PBXBuildFile; fileRef = F6875B132C86A80500404ECC /* yoga.wasm */; settings = {ATTRIBUTES = (CodeSignOnCopy, ); }; };
/* End PBXBuildFile section */

/* Begin PBXCopyFilesBuildPhase section */
		F6875B182C86A93200404ECC /* Copy Files */ = {
			isa = PBXCopyFilesBuildPhase;
			buildActionMask = 12;
			dstPath = "";
			dstSubfolderSpec = 16;
			files = (
				F6875B192C86A93F00404ECC /* bin.js in Copy Files */,
				F6875B1A2C86A93F00404ECC /* bun in Copy Files */,
				F6875B1B2C86A93F00404ECC /* yoga.wasm in Copy Files */,
			);
			name = "Copy Files";
			runOnlyForDeploymentPostprocessing = 0;
		};
/* End PBXCopyFilesBuildPhase section */

/* Begin PBXFileReference section */
		F6875B082C86A49E00404ECC /* GSH */ = {isa = PBXFileReference; explicitFileType = "compiled.mach-o.executable"; includeInIndex = 0; path = GSH; sourceTree = BUILT_PRODUCTS_DIR; };
		F6875B0B2C86A49E00404ECC /* main.swift */ = {isa = PBXFileReference; lastKnownFileType = sourcecode.swift; path = main.swift; sourceTree = "<group>"; };
		F6875B122C86A80500404ECC /* bun */ = {isa = PBXFileReference; lastKnownFileType = "compiled.mach-o.executable"; name = bun; path = GSH/bun; sourceTree = "<group>"; };
		F6875B132C86A80500404ECC /* yoga.wasm */ = {isa = PBXFileReference; lastKnownFileType = file; name = yoga.wasm; path = GSH/yoga.wasm; sourceTree = "<group>"; };
		F6875B142C86A80600404ECC /* bin.js */ = {isa = PBXFileReference; fileEncoding = 4; lastKnownFileType = sourcecode.javascript; name = bin.js; path = GSH/bin.js; sourceTree = "<group>"; };
		F6875B1D2C86ACA600404ECC /* run.sh */ = {isa = PBXFileReference; fileEncoding = 4; lastKnownFileType = text.script.sh; name = run.sh; path = GSH/run.sh; sourceTree = "<group>"; };
/* End PBXFileReference section */

/* Begin PBXFrameworksBuildPhase section */
		F6875B052C86A49E00404ECC /* Frameworks */ = {
			isa = PBXFrameworksBuildPhase;
			buildActionMask = 2147483647;
			files = (
			);
			runOnlyForDeploymentPostprocessing = 0;
		};
/* End PBXFrameworksBuildPhase section */

/* Begin PBXGroup section */
		F6875AFF2C86A49E00404ECC = {
			isa = PBXGroup;
			children = (
				F6875B1D2C86ACA600404ECC /* run.sh */,
				F6875B142C86A80600404ECC /* bin.js */,
				F6875B122C86A80500404ECC /* bun */,
				F6875B132C86A80500404ECC /* yoga.wasm */,
				F6875B0A2C86A49E00404ECC /* GSH */,
				F6875B092C86A49E00404ECC /* Products */,
			);
			sourceTree = "<group>";
		};
		F6875B092C86A49E00404ECC /* Products */ = {
			isa = PBXGroup;
			children = (
				F6875B082C86A49E00404ECC /* GSH */,
			);
			name = Products;
			sourceTree = "<group>";
		};
		F6875B0A2C86A49E00404ECC /* GSH */ = {
			isa = PBXGroup;
			children = (
				F6875B0B2C86A49E00404ECC /* main.swift */,
			);
			path = GSH;
			sourceTree = "<group>";
		};
/* End PBXGroup section */

/* Begin PBXNativeTarget section */
		F6875B072C86A49E00404ECC /* GSH */ = {
			isa = PBXNativeTarget;
			buildConfigurationList = F6875B0F2C86A49E00404ECC /* Build configuration list for PBXNativeTarget "GSH" */;
			buildPhases = (
				F6875B042C86A49E00404ECC /* Sources */,
				F6875B052C86A49E00404ECC /* Frameworks */,
				F6875B182C86A93200404ECC /* Copy Files */,
			);
			buildRules = (
			);
			dependencies = (
			);
			name = GSH;
			productName = GSH;
			productReference = F6875B082C86A49E00404ECC /* GSH */;
			productType = "com.apple.product-type.tool";
		};
/* End PBXNativeTarget section */

/* Begin PBXProject section */
		F6875B002C86A49E00404ECC /* Project object */ = {
			isa = PBXProject;
			attributes = {
				BuildIndependentTargetsInParallel = 1;
				LastSwiftUpdateCheck = 1540;
				LastUpgradeCheck = 1540;
				TargetAttributes = {
					F6875B072C86A49E00404ECC = {
						CreatedOnToolsVersion = 15.4;
					};
				};
			};
			buildConfigurationList = F6875B032C86A49E00404ECC /* Build configuration list for PBXProject "GSH" */;
			compatibilityVersion = "Xcode 14.0";
			developmentRegion = en;
			hasScannedForEncodings = 0;
			knownRegions = (
				en,
				Base,
			);
			mainGroup = F6875AFF2C86A49E00404ECC;
			productRefGroup = F6875B092C86A49E00404ECC /* Products */;
			projectDirPath = "";
			projectRoot = "";
			targets = (
				F6875B072C86A49E00404ECC /* GSH */,
			);
		};
/* End PBXProject section */

/* Begin PBXSourcesBuildPhase section */
		F6875B042C86A49E00404ECC /* Sources */ = {
			isa = PBXSourcesBuildPhase;
			buildActionMask = 2147483647;
			files = (
				F6875B0C2C86A49E00404ECC /* main.swift in Sources */,
			);
			runOnlyForDeploymentPostprocessing = 0;
		};
/* End PBXSourcesBuildPhase section */

/* Begin XCBuildConfiguration section */
		F6875B0D2C86A49E00404ECC /* Debug */ = {
			isa = XCBuildConfiguration;
			buildSettings = {
				ALWAYS_SEARCH_USER_PATHS = NO;
				ASSETCATALOG_COMPILER_GENERATE_SWIFT_ASSET_SYMBOL_EXTENSIONS = YES;
				CLANG_ANALYZER_NONNULL = YES;
				CLANG_ANALYZER_NUMBER_OBJECT_CONVERSION = YES_AGGRESSIVE;
				CLANG_CXX_LANGUAGE_STANDARD = "gnu++20";
				CLANG_ENABLE_MODULES = YES;
				CLANG_ENABLE_OBJC_ARC = YES;
				CLANG_ENABLE_OBJC_WEAK = YES;
				CLANG_WARN_BLOCK_CAPTURE_AUTORELEASING = YES;
				CLANG_WARN_BOOL_CONVERSION = YES;
				CLANG_WARN_COMMA = YES;
				CLANG_WARN_CONSTANT_CONVERSION = YES;
				CLANG_WARN_DEPRECATED_OBJC_IMPLEMENTATIONS = YES;
				CLANG_WARN_DIRECT_OBJC_ISA_USAGE = YES_ERROR;
				CLANG_WARN_DOCUMENTATION_COMMENTS = YES;
				CLANG_WARN_EMPTY_BODY = YES;
				CLANG_WARN_ENUM_CONVERSION = YES;
				CLANG_WARN_INFINITE_RECURSION = YES;
				CLANG_WARN_INT_CONVERSION = YES;
				CLANG_WARN_NON_LITERAL_NULL_CONVERSION = YES;
				CLANG_WARN_OBJC_IMPLICIT_RETAIN_SELF = YES;
				CLANG_WARN_OBJC_LITERAL_CONVERSION = YES;
				CLANG_WARN_OBJC_ROOT_CLASS = YES_ERROR;
				CLANG_WARN_QUOTED_INCLUDE_IN_FRAMEWORK_HEADER = YES;
				CLANG_WARN_RANGE_LOOP_ANALYSIS = YES;
				CLANG_WARN_STRICT_PROTOTYPES = YES;
				CLANG_WARN_SUSPICIOUS_MOVE = YES;
				CLANG_WARN_UNGUARDED_AVAILABILITY = YES_AGGRESSIVE;
				CLANG_WARN_UNREACHABLE_CODE = YES;
				CLANG_WARN__DUPLICATE_METHOD_MATCH = YES;
				COPY_PHASE_STRIP = NO;
				DEBUG_INFORMATION_FORMAT = dwarf;
				ENABLE_STRICT_OBJC_MSGSEND = YES;
				ENABLE_TESTABILITY = YES;
				ENABLE_USER_SCRIPT_SANDBOXING = YES;
				GCC_C_LANGUAGE_STANDARD = gnu17;
				GCC_DYNAMIC_NO_PIC = NO;
				GCC_NO_COMMON_BLOCKS = YES;
				GCC_OPTIMIZATION_LEVEL = 0;
				GCC_PREPROCESSOR_DEFINITIONS = (
					"DEBUG=1",
					"$(inherited)",
				);
				GCC_WARN_64_TO_32_BIT_CONVERSION = YES;
				GCC_WARN_ABOUT_RETURN_TYPE = YES_ERROR;
				GCC_WARN_UNDECLARED_SELECTOR = YES;
				GCC_WARN_UNINITIALIZED_AUTOS = YES_AGGRESSIVE;
				GCC_WARN_UNUSED_FUNCTION = YES;
				GCC_WARN_UNUSED_VARIABLE = YES;
				LOCALIZATION_PREFERS_STRING_CATALOGS = YES;
				MACOSX_DEPLOYMENT_TARGET = 14.5;
				MTL_ENABLE_DEBUG_INFO = INCLUDE_SOURCE;
				MTL_FAST_MATH = YES;
				ONLY_ACTIVE_ARCH = YES;
				SDKROOT = macosx;
				SWIFT_ACTIVE_COMPILATION_CONDITIONS = "DEBUG $(inherited)";
				SWIFT_OPTIMIZATION_LEVEL = "-Onone";
			};
			name = Debug;
		};
		F6875B0E2C86A49E00404ECC /* Release */ = {
			isa = XCBuildConfiguration;
			buildSettings = {
				ALWAYS_SEARCH_USER_PATHS = NO;
				ASSETCATALOG_COMPILER_GENERATE_SWIFT_ASSET_SYMBOL_EXTENSIONS = YES;
				CLANG_ANALYZER_NONNULL = YES;
				CLANG_ANALYZER_NUMBER_OBJECT_CONVERSION = YES_AGGRESSIVE;
				CLANG_CXX_LANGUAGE_STANDARD = "gnu++20";
				CLANG_ENABLE_MODULES = YES;
				CLANG_ENABLE_OBJC_ARC = YES;
				CLANG_ENABLE_OBJC_WEAK = YES;
				CLANG_WARN_BLOCK_CAPTURE_AUTORELEASING = YES;
				CLANG_WARN_BOOL_CONVERSION = YES;
				CLANG_WARN_COMMA = YES;
				CLANG_WARN_CONSTANT_CONVERSION = YES;
				CLANG_WARN_DEPRECATED_OBJC_IMPLEMENTATIONS = YES;
				CLANG_WARN_DIRECT_OBJC_ISA_USAGE = YES_ERROR;
				CLANG_WARN_DOCUMENTATION_COMMENTS = YES;
				CLANG_WARN_EMPTY_BODY = YES;
				CLANG_WARN_ENUM_CONVERSION = YES;
				CLANG_WARN_INFINITE_RECURSION = YES;
				CLANG_WARN_INT_CONVERSION = YES;
				CLANG_WARN_NON_LITERAL_NULL_CONVERSION = YES;
				CLANG_WARN_OBJC_IMPLICIT_RETAIN_SELF = YES;
				CLANG_WARN_OBJC_LITERAL_CONVERSION = YES;
				CLANG_WARN_OBJC_ROOT_CLASS = YES_ERROR;
				CLANG_WARN_QUOTED_INCLUDE_IN_FRAMEWORK_HEADER = YES;
				CLANG_WARN_RANGE_LOOP_ANALYSIS = YES;
				CLANG_WARN_STRICT_PROTOTYPES = YES;
				CLANG_WARN_SUSPICIOUS_MOVE = YES;
				CLANG_WARN_UNGUARDED_AVAILABILITY = YES_AGGRESSIVE;
				CLANG_WARN_UNREACHABLE_CODE = YES;
				CLANG_WARN__DUPLICATE_METHOD_MATCH = YES;
				COPY_PHASE_STRIP = NO;
				DEBUG_INFORMATION_FORMAT = "dwarf-with-dsym";
				ENABLE_NS_ASSERTIONS = NO;
				ENABLE_STRICT_OBJC_MSGSEND = YES;
				ENABLE_USER_SCRIPT_SANDBOXING = YES;
				GCC_C_LANGUAGE_STANDARD = gnu17;
				GCC_NO_COMMON_BLOCKS = YES;
				GCC_WARN_64_TO_32_BIT_CONVERSION = YES;
				GCC_WARN_ABOUT_RETURN_TYPE = YES_ERROR;
				GCC_WARN_UNDECLARED_SELECTOR = YES;
				GCC_WARN_UNINITIALIZED_AUTOS = YES_AGGRESSIVE;
				GCC_WARN_UNUSED_FUNCTION = YES;
				GCC_WARN_UNUSED_VARIABLE = YES;
				LOCALIZATION_PREFERS_STRING_CATALOGS = YES;
				MACOSX_DEPLOYMENT_TARGET = 14.5;
				MTL_ENABLE_DEBUG_INFO = NO;
				MTL_FAST_MATH = YES;
				SDKROOT = macosx;
				SWIFT_COMPILATION_MODE = wholemodule;
			};
			name = Release;
		};
		F6875B102C86A49E00404ECC /* Debug */ = {
			isa = XCBuildConfiguration;
			buildSettings = {
				"CODE_SIGN_IDENTITY[sdk=macosx*]" = "-";
				CODE_SIGN_STYLE = Automatic;
				DEVELOPMENT_TEAM = A74UKM7UH6;
				INFOPLIST_FILE = "$(SRCROOT)/Property List.plist";
				PRODUCT_BUNDLE_IDENTIFIER = gsh;
				PRODUCT_NAME = "$(TARGET_NAME)";
				SWIFT_VERSION = 5.0;
			};
			name = Debug;
		};
		F6875B112C86A49E00404ECC /* Release */ = {
			isa = XCBuildConfiguration;
			buildSettings = {
				"CODE_SIGN_IDENTITY[sdk=macosx*]" = "-";
				CODE_SIGN_STYLE = Automatic;
				DEVELOPMENT_TEAM = A74UKM7UH6;
				INFOPLIST_FILE = "$(SRCROOT)/Property List.plist";
				PRODUCT_BUNDLE_IDENTIFIER = gsh;
				PRODUCT_NAME = "$(TARGET_NAME)";
				SWIFT_VERSION = 5.0;
			};
			name = Release;
		};
/* End XCBuildConfiguration section */

/* Begin XCConfigurationList section */
		F6875B032C86A49E00404ECC /* Build configuration list for PBXProject "GSH" */ = {
			isa = XCConfigurationList;
			buildConfigurations = (
				F6875B0D2C86A49E00404ECC /* Debug */,
				F6875B0E2C86A49E00404ECC /* Release */,
			);
			defaultConfigurationIsVisible = 0;
			defaultConfigurationName = Release;
		};
		F6875B0F2C86A49E00404ECC /* Build configuration list for PBXNativeTarget "GSH" */ = {
			isa = XCConfigurationList;
			buildConfigurations = (
				F6875B102C86A49E00404ECC /* Debug */,
				F6875B112C86A49E00404ECC /* Release */,
			);
			defaultConfigurationIsVisible = 0;
			defaultConfigurationName = Release;
		};
/* End XCConfigurationList section */
	};
	rootObject = F6875B002C86A49E00404ECC /* Project object */;
}
